
Microsoft Visual Studio Solution File, Format Version 12.00
# Visual Studio Version 16
VisualStudioVersion = 16.0.32002.261
MinimumVisualStudioVersion = 10.0.40219.1
Project("{FAE04EC0-301F-11D3-BF4B-00C04F79EFBC}") = "SARAH1", "SARAH1\SARAH1.csproj", "{6848BE21-7636-430A-AC2A-293D67ACA1CC}"
EndProject
Global
	GlobalSection(SolutionConfigurationPlatforms) = preSolution
		Debug|Any CPU = Debug|Any CPU
		Release|Any CPU = Release|Any CPU
	EndGlobalSection
	GlobalSection(ProjectConfigurationPlatforms) = postSolution
		{6848BE21-7636-430A-AC2A-293D67ACA1CC}.Debug|Any CPU.ActiveCfg = Debug|Any CPU
		{6848BE21-7636-430A-AC2A-293D67ACA1CC}.Debug|Any CPU.Build.0 = Debug|Any CPU
		{6848BE21-7636-430A-AC2A-293D67ACA1CC}.Release|Any CPU.ActiveCfg = Release|Any CPU
		{6848BE21-7636-430A-AC2A-293D67ACA1CC}.Release|Any CPU.Build.0 = Release|Any CPU
	EndGlobalSection
	GlobalSection(SolutionProperties) = preSolution
		HideSolutionNode = FALSE
	EndGlobalSection
	GlobalSection(ExtensibilityGlobals) = postSolution
		SolutionGuid = {A2CF9858-2559-4CEC-82F6-8F6714871EBB}
	EndGlobalSection
EndGlobal
